{
  "object": {
    "pins": [
      {
        "package": "CryptoSwift",
        "repositoryURL": "https://github.com/krzyzanowskim/CryptoSwift.git",
        "state": {
          "branch": null,
          "revision": "7892a123f7e8d0fe62f9f03728b17bbd4f94df5c",
          "version": "1.8.1"
        }
      },
      {
        "package": "ripemd160",
        "repositoryURL": "https://github.com/zhangliugang/ripemd160",
        "state": {
          "branch": "master",
          "revision": "215d9675af3f8151e7ae43076afbcb765dd12601",
          "version": null
        }
      },
      {
        "package": "secp256k1",
        "repositoryURL": "https://github.com/zhangliugang/secp256k1.swift",
        "state": {
          "branch": "main",
          "revision": "d4e2c9f96ba7ce16770da9cc837a1551496a1199",
          "version": null
        }
      }
    ]
  },
  "version": 1
}
